
Microsoft Visual Studio Solution File, Format Version 12.00
# Visual Studio Version 17
VisualStudioVersion = 17.0.31808.319
MinimumVisualStudioVersion = 10.0.40219.1
Project("{2150E333-8FDC-42A3-9474-1A3956D46DE8}") = "JoJoSuite.UI", "JoJoSuite.UI", "{7E704F29-C070-4124-BE5C-09261F90DD77}"
EndProject
Project("{FAE04EC0-301F-11D3-BF4B-00C04F79EFBC}") = "JoJoSuite.Helper", "JoJoSuite.Helper\JoJoSuite.Helper.csproj", "{EB61C081-3A84-4DC6-BE4E-1BE7F11E61E4}"
EndProject
Project("{2150E333-8FDC-42A3-9474-1A3956D46DE8}") = "Supporting_Projects", "Supporting_Projects", "{1D399BB0-09F2-4D7A-BEE7-A38FD210FE50}"
EndProject
Project("{FAE04EC0-301F-11D3-BF4B-00C04F79EFBC}") = "JoJoSuite.UI", "JoJoSuite.BizDesigner\JoJoSuite.UI.csproj", "{54313249-E8DD-4E49-B164-A99C71E402AE}"
EndProject
Project("{FAE04EC0-301F-11D3-BF4B-00C04F79EFBC}") = "JoJoSuite.Lib", "JoJoSuite.Business.Lib2\JoJoSuite.Lib.csproj", "{712C4E63-FEBF-4840-AC19-1BC408A89CAD}"
EndProject
Project("{FAE04EC0-301F-11D3-BF4B-00C04F79EFBC}") = "JoJoSuite.Actions.Base", "JoJoSuite.Activities.Base\JoJoSuite.Actions.Base.csproj", "{4A85D7FE-5EEE-438E-9EA7-AF6812A87BBD}"
EndProject
Project("{FAE04EC0-301F-11D3-BF4B-00C04F79EFBC}") = "JoJoSuite.Actions.ClipBoard", "JoJoSuite.Activities.ClipBoard\JoJoSuite.Actions.ClipBoard.csproj", "{69CD980F-7323-4436-A771-96AA3ECD5E09}"
EndProject
Project("{FAE04EC0-301F-11D3-BF4B-00C04F79EFBC}") = "JoJoSuite.Actions.ClipBoard.Design", "JoJoSuite.Activities.ClipBoard.Design\JoJoSuite.Actions.ClipBoard.Design.csproj", "{F4CD3F3B-4A0E-4C65-9953-43F605946455}"
EndProject
Project("{FAE04EC0-301F-11D3-BF4B-00C04F79EFBC}") = "JoJoSuite.Actions.Common", "JoJoSuite.Activities.Common\JoJoSuite.Actions.Common.csproj", "{3C702D07-C978-44BE-86C6-3EB366CBEC22}"
EndProject
Project("{FAE04EC0-301F-11D3-BF4B-00C04F79EFBC}") = "JoJoSuite.Actions.Common.Design", "JoJoSuite.Activities.Common.Design\JoJoSuite.Actions.Common.Design.csproj", "{99996492-D9C9-49C8-818A-47B622A942CC}"
EndProject
Project("{FAE04EC0-301F-11D3-BF4B-00C04F79EFBC}") = "JoJoSuite.Actions.Database", "JoJoSuite.Activities.Database\JoJoSuite.Actions.Database.csproj", "{7EE258EC-3018-4974-81E1-052A81635742}"
EndProject
Project("{FAE04EC0-301F-11D3-BF4B-00C04F79EFBC}") = "JoJoSuite.Actions.Database.Design", "JoJoSuite.Activities.Database.Design\JoJoSuite.Actions.Database.Design.csproj", "{B5FE6163-514A-421E-9349-979A0B73EA0D}"
EndProject
Project("{FAE04EC0-301F-11D3-BF4B-00C04F79EFBC}") = "JoJoSuite.Actions.Email", "JoJoSuite.Activities.Email\JoJoSuite.Actions.Email.csproj", "{013CF721-70F4-43A8-8638-95ED8AA6FC41}"
EndProject
Project("{FAE04EC0-301F-11D3-BF4B-00C04F79EFBC}") = "JoJoSuite.Actions.Email.Design", "JoJoSuite.Activities.Email.Design\JoJoSuite.Actions.Email.Design.csproj", "{0551A71D-A341-4EBD-86F3-B3865BBF0CCA}"
EndProject
Project("{FAE04EC0-301F-11D3-BF4B-00C04F79EFBC}") = "JoJoSuite.Actions.IO", "JoJoSuite.Activities.IO\JoJoSuite.Actions.IO.csproj", "{D5A387DA-9FAD-49C3-90BD-5A4B94E24CBA}"
EndProject
Project("{FAE04EC0-301F-11D3-BF4B-00C04F79EFBC}") = "JoJoSuite.Actions.IO.Design", "JoJoSuite.Activities.IO.Design\JoJoSuite.Actions.IO.Design.csproj", "{23FA6DD4-46A6-4656-A3E7-C4584273D5D3}"
EndProject
Project("{FAE04EC0-301F-11D3-BF4B-00C04F79EFBC}") = "JoJoSuite.Actions.Office.Excel", "JoJoSuite.Activities.Office.Excel\JoJoSuite.Actions.Office.Excel.csproj", "{77621904-E0AC-452E-B52C-0A668A4F8F3D}"
EndProject
Project("{FAE04EC0-301F-11D3-BF4B-00C04F79EFBC}") = "JoJoSuite.Actions.Office.Excel.Design", "JoJoSuite.Activities.Office.Excel.Design\JoJoSuite.Actions.Office.Excel.Design.csproj", "{9BD5EFCC-914A-451E-B1A8-4E681F10E19D}"
EndProject
Project("{FAE04EC0-301F-11D3-BF4B-00C04F79EFBC}") = "JoJoSuite.Actions.SAP", "JoJoSuite.Activities.SAP\JoJoSuite.Actions.SAP.csproj", "{70DD301A-CD45-4B05-917D-435D88EC8112}"
EndProject
Project("{FAE04EC0-301F-11D3-BF4B-00C04F79EFBC}") = "JoJoSuite.Actions.SAP.Design", "JoJoSuite.Activities.SAP.Design\JoJoSuite.Actions.SAP.Design.csproj", "{0E0BD994-F058-4D68-B0CF-6D8CF2C415A8}"
EndProject
Project("{FAE04EC0-301F-11D3-BF4B-00C04F79EFBC}") = "JoJoSuite.Actions.Security", "JoJoSuite.Activities.Security\JoJoSuite.Actions.Security.csproj", "{913A6DAF-F1C2-48F5-A3C3-C409BB2DB24F}"
EndProject
Project("{FAE04EC0-301F-11D3-BF4B-00C04F79EFBC}") = "JoJoSuite.Actions.Security.Design", "JoJoSuite.Activities.Security.Design\JoJoSuite.Actions.Security.Design.csproj", "{C9249878-E24D-4D93-969F-A71FAB5114E1}"
EndProject
Project("{FAE04EC0-301F-11D3-BF4B-00C04F79EFBC}") = "JoJoSuite.Actions.SharePoint", "JoJoSuite.Activities.SharePoint\JoJoSuite.Actions.SharePoint.csproj", "{D8284D15-FF70-4854-836B-DAF6AD57A79D}"
EndProject
Project("{FAE04EC0-301F-11D3-BF4B-00C04F79EFBC}") = "JoJoSuite.Actions.SharePoint.Design", "JoJoSuite.Activities.SharePoint.Design\JoJoSuite.Actions.SharePoint.Design.csproj", "{2F30737D-AC55-45D4-8C19-B229ABD9FA45}"
EndProject
Project("{FAE04EC0-301F-11D3-BF4B-00C04F79EFBC}") = "JoJoSuite.Actions.Tracking", "JoJoSuite.Activities.Tracking\JoJoSuite.Actions.Tracking.csproj", "{55D2C35B-7B0C-4308-8564-A0616F05A3B8}"
EndProject
Project("{FAE04EC0-301F-11D3-BF4B-00C04F79EFBC}") = "JoJoSuite.Actions.Tracking.Design", "JoJoSuite.Activities.Tracking.Design\JoJoSuite.Actions.Tracking.Design.csproj", "{43CBBD80-7351-46B4-A285-30564440E1B4}"
EndProject
Project("{FAE04EC0-301F-11D3-BF4B-00C04F79EFBC}") = "JoJoSuite.Actions.Web", "JoJoSuite.Activities.Web\JoJoSuite.Actions.Web.csproj", "{599C1A44-66C6-4AF4-A0ED-04EAED04EECA}"
EndProject
Project("{FAE04EC0-301F-11D3-BF4B-00C04F79EFBC}") = "JoJoSuite.Actions.Web.Design", "JoJoSuite.Activities.Web.Design\JoJoSuite.Actions.Web.Design.csproj", "{3C107E12-4D4D-4551-B723-6E5DB93DA4E2}"
EndProject
Project("{FAE04EC0-301F-11D3-BF4B-00C04F79EFBC}") = "r2rStudio.Activity", "JoJoSuite.Activity\r2rStudio.Activity.csproj", "{289B2E56-24FF-4C8B-A250-5EEB30925BCC}"
EndProject
Project("{FAE04EC0-301F-11D3-BF4B-00C04F79EFBC}") = "JoJoSuite.Base", "JoJoSuite.Base\JoJoSuite.Base.csproj", "{7255AC9A-EE5D-40BB-9539-13DE7420F87D}"
EndProject
Project("{9A19103F-16F7-4668-BE54-9A1E7A4F7556}") = "JoJoSuite.Api", "JoJoSuite.Common.Api\JoJoSuite.Api.csproj", "{5DC7FDD7-AD21-4286-8F52-BF155FE96A99}"
EndProject
Project("{FAE04EC0-301F-11D3-BF4B-00C04F79EFBC}") = "JoJoSuite.Control.Base", "JoJoSuite.Control.Base\JoJoSuite.Control.Base.csproj", "{5C9D3DA4-17CE-472A-B563-ADD3EB9C3817}"
EndProject
Project("{FAE04EC0-301F-11D3-BF4B-00C04F79EFBC}") = "JoJoSuite.Database", "JoJoSuite.Db\JoJoSuite.Database.csproj", "{72FD07A7-777F-4CB3-8B6C-9EA12894455F}"
EndProject
Project("{FAE04EC0-301F-11D3-BF4B-00C04F79EFBC}") = "JoJoSuite.Email", "JoJoSuite.Email\JoJoSuite.Email.csproj", "{98FEEB04-FEAD-4006-AFC5-C925324ECABF}"
EndProject
Project("{FAE04EC0-301F-11D3-BF4B-00C04F79EFBC}") = "JoJoSuite.Library.Base", "JoJoSuite.Library.Base\JoJoSuite.Library.Base.csproj", "{556350A7-71FB-4A71-A6EB-8629F1815505}"
EndProject
Project("{FAE04EC0-301F-11D3-BF4B-00C04F79EFBC}") = "JoJoSuite.Library.ClipBoard", "JoJoSuite.Library.ClipBoard\JoJoSuite.Library.ClipBoard.csproj", "{95DF5AC8-41CC-45E6-B1BE-09F573BFC644}"
EndProject
Project("{FAE04EC0-301F-11D3-BF4B-00C04F79EFBC}") = "JoJoSuite.Library.Database", "JoJoSuite.Library.Database\JoJoSuite.Library.Database.csproj", "{16DD866D-0814-4173-BB3B-E6EC41178C25}"
EndProject
Project("{FAE04EC0-301F-11D3-BF4B-00C04F79EFBC}") = "JoJoSuite.Library.Email", "JoJoSuite.Library.Email\JoJoSuite.Library.Email.csproj", "{D5414C24-75C0-44EB-9EB1-8F8BDAC02F89}"
EndProject
Project("{FAE04EC0-301F-11D3-BF4B-00C04F79EFBC}") = "JoJoSuite.Library.IO", "JoJoSuite.Library.IO\JoJoSuite.Library.IO.csproj", "{7CBA2B1A-F982-4748-8242-837D1BF3150B}"
EndProject
Project("{FAE04EC0-301F-11D3-BF4B-00C04F79EFBC}") = "JoJoSuite.Library.Mail.Exchange", "JoJoSuite.Library.Mail.Exchange\JoJoSuite.Library.Mail.Exchange.csproj", "{66634FAB-6818-4D0F-B500-E24649269F83}"
EndProject
Project("{FAE04EC0-301F-11D3-BF4B-00C04F79EFBC}") = "JoJoSuite.Library.Office.Access", "JoJoSuite.Library.Office.Access\JoJoSuite.Library.Office.Access.csproj", "{FDAC62AE-A63A-455D-A4A4-71FCCE2306CC}"
EndProject
Project("{FAE04EC0-301F-11D3-BF4B-00C04F79EFBC}") = "JoJoSuite.Library.Office.Excel", "JoJoSuite.Library.Office.Excel\JoJoSuite.Library.Office.Excel.csproj", "{93A9DE96-27B8-4988-B567-32CACDC91482}"
EndProject
Project("{FAE04EC0-301F-11D3-BF4B-00C04F79EFBC}") = "JoJoSuite.Library.Office.Outlook", "JoJoSuite.Library.Office.Outlook\JoJoSuite.Library.Office.Outlook.csproj", "{143A3884-2DE9-4B0D-998B-25D95CC91723}"
EndProject
Project("{FAE04EC0-301F-11D3-BF4B-00C04F79EFBC}") = "JoJoSuite.Library.Office.PowerPoint", "JoJoSuite.Library.Office.PowerPoint\JoJoSuite.Library.Office.PowerPoint.csproj", "{AEFC233F-69CD-4E11-814B-648D171BECF9}"
EndProject
Project("{FAE04EC0-301F-11D3-BF4B-00C04F79EFBC}") = "JoJoSuite.Library.Office.Word", "JoJoSuite.Library.Office.Word\JoJoSuite.Library.Office.Word.csproj", "{974BBBD5-66A9-49FE-8DE7-13D9A858F2BD}"
EndProject
Project("{FAE04EC0-301F-11D3-BF4B-00C04F79EFBC}") = "JoJoSuite.Library.Pdf", "JoJoSuite.Library.Pdf\JoJoSuite.Library.Pdf.csproj", "{1B1D5CBC-9D12-40BF-85B6-F04C07AFE6DF}"
EndProject
Project("{F184B08F-C81C-45F6-A57F-5ABD9991F28F}") = "JoJoSuite.Library.SAP2", "JoJoSuite.Library.SAP2\JoJoSuite.Library.SAP2.vbproj", "{54B228F1-6713-43BA-8AB2-3B0EB77D4B2A}"
EndProject
Project("{FAE04EC0-301F-11D3-BF4B-00C04F79EFBC}") = "JoJoSuite.Library.Security", "JoJoSuite.Library.Security\JoJoSuite.Library.Security.csproj", "{E62760CC-0B86-4709-9B4D-4A68DDC7BFF0}"
EndProject
Project("{FAE04EC0-301F-11D3-BF4B-00C04F79EFBC}") = "JoJoSuite.Library.SharePoint", "JoJoSuite.Library.SharePoint\JoJoSuite.Library.SharePoint.csproj", "{87A8DCB6-58E5-4A92-A877-121A3FBC4BD0}"
EndProject
Project("{FAE04EC0-301F-11D3-BF4B-00C04F79EFBC}") = "JoJoSuite.Library.Tracking", "JoJoSuite.Library.Tracking\JoJoSuite.Library.Tracking.csproj", "{51487EF5-4FA6-4F1E-8329-822F67C4F939}"
EndProject
Project("{FAE04EC0-301F-11D3-BF4B-00C04F79EFBC}") = "JoJoSuite.Library.Web", "JoJoSuite.Library.Web\JoJoSuite.Library.Web.csproj", "{7BEF6F06-A6F2-4A5A-AE8E-00765ED89DAB}"
EndProject
Global
	GlobalSection(SolutionConfigurationPlatforms) = preSolution
		Debug|Any CPU = Debug|Any CPU
		Debug|x64 = Debug|x64
		Debug|x86 = Debug|x86
		Release|Any CPU = Release|Any CPU
		Release|x64 = Release|x64
		Release|x86 = Release|x86
	EndGlobalSection
	GlobalSection(ProjectConfigurationPlatforms) = postSolution
		{EB61C081-3A84-4DC6-BE4E-1BE7F11E61E4}.Debug|Any CPU.ActiveCfg = Debug|Any CPU
		{EB61C081-3A84-4DC6-BE4E-1BE7F11E61E4}.Debug|Any CPU.Build.0 = Debug|Any CPU
		{EB61C081-3A84-4DC6-BE4E-1BE7F11E61E4}.Debug|x64.ActiveCfg = Debug|Any CPU
		{EB61C081-3A84-4DC6-BE4E-1BE7F11E61E4}.Debug|x64.Build.0 = Debug|Any CPU
		{EB61C081-3A84-4DC6-BE4E-1BE7F11E61E4}.Debug|x86.ActiveCfg = Debug|Any CPU
		{EB61C081-3A84-4DC6-BE4E-1BE7F11E61E4}.Debug|x86.Build.0 = Debug|Any CPU
		{EB61C081-3A84-4DC6-BE4E-1BE7F11E61E4}.Release|Any CPU.ActiveCfg = Release|Any CPU
		{EB61C081-3A84-4DC6-BE4E-1BE7F11E61E4}.Release|Any CPU.Build.0 = Release|Any CPU
		{EB61C081-3A84-4DC6-BE4E-1BE7F11E61E4}.Release|x64.ActiveCfg = Release|Any CPU
		{EB61C081-3A84-4DC6-BE4E-1BE7F11E61E4}.Release|x64.Build.0 = Release|Any CPU
		{EB61C081-3A84-4DC6-BE4E-1BE7F11E61E4}.Release|x86.ActiveCfg = Release|Any CPU
		{EB61C081-3A84-4DC6-BE4E-1BE7F11E61E4}.Release|x86.Build.0 = Release|Any CPU
		{54313249-E8DD-4E49-B164-A99C71E402AE}.Debug|Any CPU.ActiveCfg = Debug|Any CPU
		{54313249-E8DD-4E49-B164-A99C71E402AE}.Debug|Any CPU.Build.0 = Debug|Any CPU
		{54313249-E8DD-4E49-B164-A99C71E402AE}.Debug|x64.ActiveCfg = Debug|Any CPU
		{54313249-E8DD-4E49-B164-A99C71E402AE}.Debug|x64.Build.0 = Debug|Any CPU
		{54313249-E8DD-4E49-B164-A99C71E402AE}.Debug|x86.ActiveCfg = Debug|Any CPU
		{54313249-E8DD-4E49-B164-A99C71E402AE}.Debug|x86.Build.0 = Debug|Any CPU
		{54313249-E8DD-4E49-B164-A99C71E402AE}.Release|Any CPU.ActiveCfg = Release|Any CPU
		{54313249-E8DD-4E49-B164-A99C71E402AE}.Release|Any CPU.Build.0 = Release|Any CPU
		{54313249-E8DD-4E49-B164-A99C71E402AE}.Release|x64.ActiveCfg = Release|Any CPU
		{54313249-E8DD-4E49-B164-A99C71E402AE}.Release|x64.Build.0 = Release|Any CPU
		{54313249-E8DD-4E49-B164-A99C71E402AE}.Release|x86.ActiveCfg = Release|Any CPU
		{54313249-E8DD-4E49-B164-A99C71E402AE}.Release|x86.Build.0 = Release|Any CPU
		{712C4E63-FEBF-4840-AC19-1BC408A89CAD}.Debug|Any CPU.ActiveCfg = Debug|Any CPU
		{712C4E63-FEBF-4840-AC19-1BC408A89CAD}.Debug|Any CPU.Build.0 = Debug|Any CPU
		{712C4E63-FEBF-4840-AC19-1BC408A89CAD}.Debug|x64.ActiveCfg = Debug|Any CPU
		{712C4E63-FEBF-4840-AC19-1BC408A89CAD}.Debug|x64.Build.0 = Debug|Any CPU
		{712C4E63-FEBF-4840-AC19-1BC408A89CAD}.Debug|x86.ActiveCfg = Debug|Any CPU
		{712C4E63-FEBF-4840-AC19-1BC408A89CAD}.Debug|x86.Build.0 = Debug|Any CPU
		{712C4E63-FEBF-4840-AC19-1BC408A89CAD}.Release|Any CPU.ActiveCfg = Release|Any CPU
		{712C4E63-FEBF-4840-AC19-1BC408A89CAD}.Release|Any CPU.Build.0 = Release|Any CPU
		{712C4E63-FEBF-4840-AC19-1BC408A89CAD}.Release|x64.ActiveCfg = Release|Any CPU
		{712C4E63-FEBF-4840-AC19-1BC408A89CAD}.Release|x64.Build.0 = Release|Any CPU
		{712C4E63-FEBF-4840-AC19-1BC408A89CAD}.Release|x86.ActiveCfg = Release|Any CPU
		{712C4E63-FEBF-4840-AC19-1BC408A89CAD}.Release|x86.Build.0 = Release|Any CPU
		{4A85D7FE-5EEE-438E-9EA7-AF6812A87BBD}.Debug|Any CPU.ActiveCfg = Debug|Any CPU
		{4A85D7FE-5EEE-438E-9EA7-AF6812A87BBD}.Debug|Any CPU.Build.0 = Debug|Any CPU
		{4A85D7FE-5EEE-438E-9EA7-AF6812A87BBD}.Debug|x64.ActiveCfg = Debug|x64
		{4A85D7FE-5EEE-438E-9EA7-AF6812A87BBD}.Debug|x64.Build.0 = Debug|x64
		{4A85D7FE-5EEE-438E-9EA7-AF6812A87BBD}.Debug|x86.ActiveCfg = Debug|Any CPU
		{4A85D7FE-5EEE-438E-9EA7-AF6812A87BBD}.Debug|x86.Build.0 = Debug|Any CPU
		{4A85D7FE-5EEE-438E-9EA7-AF6812A87BBD}.Release|Any CPU.ActiveCfg = Release|Any CPU
		{4A85D7FE-5EEE-438E-9EA7-AF6812A87BBD}.Release|Any CPU.Build.0 = Release|Any CPU
		{4A85D7FE-5EEE-438E-9EA7-AF6812A87BBD}.Release|x64.ActiveCfg = Release|x64
		{4A85D7FE-5EEE-438E-9EA7-AF6812A87BBD}.Release|x64.Build.0 = Release|x64
		{4A85D7FE-5EEE-438E-9EA7-AF6812A87BBD}.Release|x86.ActiveCfg = Release|Any CPU
		{4A85D7FE-5EEE-438E-9EA7-AF6812A87BBD}.Release|x86.Build.0 = Release|Any CPU
		{69CD980F-7323-4436-A771-96AA3ECD5E09}.Debug|Any CPU.ActiveCfg = Debug|Any CPU
		{69CD980F-7323-4436-A771-96AA3ECD5E09}.Debug|Any CPU.Build.0 = Debug|Any CPU
		{69CD980F-7323-4436-A771-96AA3ECD5E09}.Debug|x64.ActiveCfg = Debug|Any CPU
		{69CD980F-7323-4436-A771-96AA3ECD5E09}.Debug|x64.Build.0 = Debug|Any CPU
		{69CD980F-7323-4436-A771-96AA3ECD5E09}.Debug|x86.ActiveCfg = Debug|Any CPU
		{69CD980F-7323-4436-A771-96AA3ECD5E09}.Debug|x86.Build.0 = Debug|Any CPU
		{69CD980F-7323-4436-A771-96AA3ECD5E09}.Release|Any CPU.ActiveCfg = Release|Any CPU
		{69CD980F-7323-4436-A771-96AA3ECD5E09}.Release|Any CPU.Build.0 = Release|Any CPU
		{69CD980F-7323-4436-A771-96AA3ECD5E09}.Release|x64.ActiveCfg = Release|Any CPU
		{69CD980F-7323-4436-A771-96AA3ECD5E09}.Release|x64.Build.0 = Release|Any CPU
		{69CD980F-7323-4436-A771-96AA3ECD5E09}.Release|x86.ActiveCfg = Release|Any CPU
		{69CD980F-7323-4436-A771-96AA3ECD5E09}.Release|x86.Build.0 = Release|Any CPU
		{F4CD3F3B-4A0E-4C65-9953-43F605946455}.Debug|Any CPU.ActiveCfg = Debug|Any CPU
		{F4CD3F3B-4A0E-4C65-9953-43F605946455}.Debug|Any CPU.Build.0 = Debug|Any CPU
		{F4CD3F3B-4A0E-4C65-9953-43F605946455}.Debug|x64.ActiveCfg = Debug|Any CPU
		{F4CD3F3B-4A0E-4C65-9953-43F605946455}.Debug|x64.Build.0 = Debug|Any CPU
		{F4CD3F3B-4A0E-4C65-9953-43F605946455}.Debug|x86.ActiveCfg = Debug|Any CPU
		{F4CD3F3B-4A0E-4C65-9953-43F605946455}.Debug|x86.Build.0 = Debug|Any CPU
		{F4CD3F3B-4A0E-4C65-9953-43F605946455}.Release|Any CPU.ActiveCfg = Release|Any CPU
		{F4CD3F3B-4A0E-4C65-9953-43F605946455}.Release|Any CPU.Build.0 = Release|Any CPU
		{F4CD3F3B-4A0E-4C65-9953-43F605946455}.Release|x64.ActiveCfg = Release|Any CPU
		{F4CD3F3B-4A0E-4C65-9953-43F605946455}.Release|x64.Build.0 = Release|Any CPU
		{F4CD3F3B-4A0E-4C65-9953-43F605946455}.Release|x86.ActiveCfg = Release|Any CPU
		{F4CD3F3B-4A0E-4C65-9953-43F605946455}.Release|x86.Build.0 = Release|Any CPU
		{3C702D07-C978-44BE-86C6-3EB366CBEC22}.Debug|Any CPU.ActiveCfg = Debug|Any CPU
		{3C702D07-C978-44BE-86C6-3EB366CBEC22}.Debug|Any CPU.Build.0 = Debug|Any CPU
		{3C702D07-C978-44BE-86C6-3EB366CBEC22}.Debug|x64.ActiveCfg = Debug|Any CPU
		{3C702D07-C978-44BE-86C6-3EB366CBEC22}.Debug|x64.Build.0 = Debug|Any CPU
		{3C702D07-C978-44BE-86C6-3EB366CBEC22}.Debug|x86.ActiveCfg = Debug|Any CPU
		{3C702D07-C978-44BE-86C6-3EB366CBEC22}.Debug|x86.Build.0 = Debug|Any CPU
		{3C702D07-C978-44BE-86C6-3EB366CBEC22}.Release|Any CPU.ActiveCfg = Release|Any CPU
		{3C702D07-C978-44BE-86C6-3EB366CBEC22}.Release|Any CPU.Build.0 = Release|Any CPU
		{3C702D07-C978-44BE-86C6-3EB366CBEC22}.Release|x64.ActiveCfg = Release|Any CPU
		{3C702D07-C978-44BE-86C6-3EB366CBEC22}.Release|x64.Build.0 = Release|Any CPU
		{3C702D07-C978-44BE-86C6-3EB366CBEC22}.Release|x86.ActiveCfg = Release|Any CPU
		{3C702D07-C978-44BE-86C6-3EB366CBEC22}.Release|x86.Build.0 = Release|Any CPU
		{99996492-D9C9-49C8-818A-47B622A942CC}.Debug|Any CPU.ActiveCfg = Debug|Any CPU
		{99996492-D9C9-49C8-818A-47B622A942CC}.Debug|Any CPU.Build.0 = Debug|Any CPU
		{99996492-D9C9-49C8-818A-47B622A942CC}.Debug|x64.ActiveCfg = Debug|Any CPU
		{99996492-D9C9-49C8-818A-47B622A942CC}.Debug|x64.Build.0 = Debug|Any CPU
		{99996492-D9C9-49C8-818A-47B622A942CC}.Debug|x86.ActiveCfg = Debug|Any CPU
		{99996492-D9C9-49C8-818A-47B622A942CC}.Debug|x86.Build.0 = Debug|Any CPU
		{99996492-D9C9-49C8-818A-47B622A942CC}.Release|Any CPU.ActiveCfg = Release|Any CPU
		{99996492-D9C9-49C8-818A-47B622A942CC}.Release|Any CPU.Build.0 = Release|Any CPU
		{99996492-D9C9-49C8-818A-47B622A942CC}.Release|x64.ActiveCfg = Release|Any CPU
		{99996492-D9C9-49C8-818A-47B622A942CC}.Release|x64.Build.0 = Release|Any CPU
		{99996492-D9C9-49C8-818A-47B622A942CC}.Release|x86.ActiveCfg = Release|Any CPU
		{99996492-D9C9-49C8-818A-47B622A942CC}.Release|x86.Build.0 = Release|Any CPU
		{7EE258EC-3018-4974-81E1-052A81635742}.Debug|Any CPU.ActiveCfg = Debug|Any CPU
		{7EE258EC-3018-4974-81E1-052A81635742}.Debug|Any CPU.Build.0 = Debug|Any CPU
		{7EE258EC-3018-4974-81E1-052A81635742}.Debug|x64.ActiveCfg = Debug|x64
		{7EE258EC-3018-4974-81E1-052A81635742}.Debug|x64.Build.0 = Debug|x64
		{7EE258EC-3018-4974-81E1-052A81635742}.Debug|x86.ActiveCfg = Debug|Any CPU
		{7EE258EC-3018-4974-81E1-052A81635742}.Debug|x86.Build.0 = Debug|Any CPU
		{7EE258EC-3018-4974-81E1-052A81635742}.Release|Any CPU.ActiveCfg = Release|Any CPU
		{7EE258EC-3018-4974-81E1-052A81635742}.Release|Any CPU.Build.0 = Release|Any CPU
		{7EE258EC-3018-4974-81E1-052A81635742}.Release|x64.ActiveCfg = Release|x64
		{7EE258EC-3018-4974-81E1-052A81635742}.Release|x64.Build.0 = Release|x64
		{7EE258EC-3018-4974-81E1-052A81635742}.Release|x86.ActiveCfg = Release|Any CPU
		{7EE258EC-3018-4974-81E1-052A81635742}.Release|x86.Build.0 = Release|Any CPU
		{B5FE6163-514A-421E-9349-979A0B73EA0D}.Debug|Any CPU.ActiveCfg = Debug|Any CPU
		{B5FE6163-514A-421E-9349-979A0B73EA0D}.Debug|Any CPU.Build.0 = Debug|Any CPU
		{B5FE6163-514A-421E-9349-979A0B73EA0D}.Debug|x64.ActiveCfg = Debug|x64
		{B5FE6163-514A-421E-9349-979A0B73EA0D}.Debug|x64.Build.0 = Debug|x64
		{B5FE6163-514A-421E-9349-979A0B73EA0D}.Debug|x86.ActiveCfg = Debug|Any CPU
		{B5FE6163-514A-421E-9349-979A0B73EA0D}.Debug|x86.Build.0 = Debug|Any CPU
		{B5FE6163-514A-421E-9349-979A0B73EA0D}.Release|Any CPU.ActiveCfg = Release|Any CPU
		{B5FE6163-514A-421E-9349-979A0B73EA0D}.Release|Any CPU.Build.0 = Release|Any CPU
		{B5FE6163-514A-421E-9349-979A0B73EA0D}.Release|x64.ActiveCfg = Release|x64
		{B5FE6163-514A-421E-9349-979A0B73EA0D}.Release|x64.Build.0 = Release|x64
		{B5FE6163-514A-421E-9349-979A0B73EA0D}.Release|x86.ActiveCfg = Release|Any CPU
		{B5FE6163-514A-421E-9349-979A0B73EA0D}.Release|x86.Build.0 = Release|Any CPU
		{013CF721-70F4-43A8-8638-95ED8AA6FC41}.Debug|Any CPU.ActiveCfg = Debug|Any CPU
		{013CF721-70F4-43A8-8638-95ED8AA6FC41}.Debug|Any CPU.Build.0 = Debug|Any CPU
		{013CF721-70F4-43A8-8638-95ED8AA6FC41}.Debug|x64.ActiveCfg = Debug|x64
		{013CF721-70F4-43A8-8638-95ED8AA6FC41}.Debug|x64.Build.0 = Debug|x64
		{013CF721-70F4-43A8-8638-95ED8AA6FC41}.Debug|x86.ActiveCfg = Debug|Any CPU
		{013CF721-70F4-43A8-8638-95ED8AA6FC41}.Debug|x86.Build.0 = Debug|Any CPU
		{013CF721-70F4-43A8-8638-95ED8AA6FC41}.Release|Any CPU.ActiveCfg = Release|Any CPU
		{013CF721-70F4-43A8-8638-95ED8AA6FC41}.Release|Any CPU.Build.0 = Release|Any CPU
		{013CF721-70F4-43A8-8638-95ED8AA6FC41}.Release|x64.ActiveCfg = Release|x64
		{013CF721-70F4-43A8-8638-95ED8AA6FC41}.Release|x64.Build.0 = Release|x64
		{013CF721-70F4-43A8-8638-95ED8AA6FC41}.Release|x86.ActiveCfg = Release|Any CPU
		{013CF721-70F4-43A8-8638-95ED8AA6FC41}.Release|x86.Build.0 = Release|Any CPU
		{0551A71D-A341-4EBD-86F3-B3865BBF0CCA}.Debug|Any CPU.ActiveCfg = Debug|Any CPU
		{0551A71D-A341-4EBD-86F3-B3865BBF0CCA}.Debug|Any CPU.Build.0 = Debug|Any CPU
		{0551A71D-A341-4EBD-86F3-B3865BBF0CCA}.Debug|x64.ActiveCfg = Debug|x64
		{0551A71D-A341-4EBD-86F3-B3865BBF0CCA}.Debug|x64.Build.0 = Debug|x64
		{0551A71D-A341-4EBD-86F3-B3865BBF0CCA}.Debug|x86.ActiveCfg = Debug|Any CPU
		{0551A71D-A341-4EBD-86F3-B3865BBF0CCA}.Debug|x86.Build.0 = Debug|Any CPU
		{0551A71D-A341-4EBD-86F3-B3865BBF0CCA}.Release|Any CPU.ActiveCfg = Release|Any CPU
		{0551A71D-A341-4EBD-86F3-B3865BBF0CCA}.Release|Any CPU.Build.0 = Release|Any CPU
		{0551A71D-A341-4EBD-86F3-B3865BBF0CCA}.Release|x64.ActiveCfg = Release|x64
		{0551A71D-A341-4EBD-86F3-B3865BBF0CCA}.Release|x64.Build.0 = Release|x64
		{0551A71D-A341-4EBD-86F3-B3865BBF0CCA}.Release|x86.ActiveCfg = Release|Any CPU
		{0551A71D-A341-4EBD-86F3-B3865BBF0CCA}.Release|x86.Build.0 = Release|Any CPU
		{D5A387DA-9FAD-49C3-90BD-5A4B94E24CBA}.Debug|Any CPU.ActiveCfg = Debug|Any CPU
		{D5A387DA-9FAD-49C3-90BD-5A4B94E24CBA}.Debug|Any CPU.Build.0 = Debug|Any CPU
		{D5A387DA-9FAD-49C3-90BD-5A4B94E24CBA}.Debug|x64.ActiveCfg = Debug|x64
		{D5A387DA-9FAD-49C3-90BD-5A4B94E24CBA}.Debug|x64.Build.0 = Debug|x64
		{D5A387DA-9FAD-49C3-90BD-5A4B94E24CBA}.Debug|x86.ActiveCfg = Debug|Any CPU
		{D5A387DA-9FAD-49C3-90BD-5A4B94E24CBA}.Debug|x86.Build.0 = Debug|Any CPU
		{D5A387DA-9FAD-49C3-90BD-5A4B94E24CBA}.Release|Any CPU.ActiveCfg = Release|Any CPU
		{D5A387DA-9FAD-49C3-90BD-5A4B94E24CBA}.Release|Any CPU.Build.0 = Release|Any CPU
		{D5A387DA-9FAD-49C3-90BD-5A4B94E24CBA}.Release|x64.ActiveCfg = Release|x64
		{D5A387DA-9FAD-49C3-90BD-5A4B94E24CBA}.Release|x64.Build.0 = Release|x64
		{D5A387DA-9FAD-49C3-90BD-5A4B94E24CBA}.Release|x86.ActiveCfg = Release|Any CPU
		{D5A387DA-9FAD-49C3-90BD-5A4B94E24CBA}.Release|x86.Build.0 = Release|Any CPU
		{23FA6DD4-46A6-4656-A3E7-C4584273D5D3}.Debug|Any CPU.ActiveCfg = Debug|Any CPU
		{23FA6DD4-46A6-4656-A3E7-C4584273D5D3}.Debug|Any CPU.Build.0 = Debug|Any CPU
		{23FA6DD4-46A6-4656-A3E7-C4584273D5D3}.Debug|x64.ActiveCfg = Debug|x64
		{23FA6DD4-46A6-4656-A3E7-C4584273D5D3}.Debug|x64.Build.0 = Debug|x64
		{23FA6DD4-46A6-4656-A3E7-C4584273D5D3}.Debug|x86.ActiveCfg = Debug|Any CPU
		{23FA6DD4-46A6-4656-A3E7-C4584273D5D3}.Debug|x86.Build.0 = Debug|Any CPU
		{23FA6DD4-46A6-4656-A3E7-C4584273D5D3}.Release|Any CPU.ActiveCfg = Release|Any CPU
		{23FA6DD4-46A6-4656-A3E7-C4584273D5D3}.Release|Any CPU.Build.0 = Release|Any CPU
		{23FA6DD4-46A6-4656-A3E7-C4584273D5D3}.Release|x64.ActiveCfg = Release|x64
		{23FA6DD4-46A6-4656-A3E7-C4584273D5D3}.Release|x64.Build.0 = Release|x64
		{23FA6DD4-46A6-4656-A3E7-C4584273D5D3}.Release|x86.ActiveCfg = Release|Any CPU
		{23FA6DD4-46A6-4656-A3E7-C4584273D5D3}.Release|x86.Build.0 = Release|Any CPU
		{77621904-E0AC-452E-B52C-0A668A4F8F3D}.Debug|Any CPU.ActiveCfg = Debug|Any CPU
		{77621904-E0AC-452E-B52C-0A668A4F8F3D}.Debug|Any CPU.Build.0 = Debug|Any CPU
		{77621904-E0AC-452E-B52C-0A668A4F8F3D}.Debug|x64.ActiveCfg = Debug|x64
		{77621904-E0AC-452E-B52C-0A668A4F8F3D}.Debug|x64.Build.0 = Debug|x64
		{77621904-E0AC-452E-B52C-0A668A4F8F3D}.Debug|x86.ActiveCfg = Debug|Any CPU
		{77621904-E0AC-452E-B52C-0A668A4F8F3D}.Debug|x86.Build.0 = Debug|Any CPU
		{77621904-E0AC-452E-B52C-0A668A4F8F3D}.Release|Any CPU.ActiveCfg = Release|Any CPU
		{77621904-E0AC-452E-B52C-0A668A4F8F3D}.Release|Any CPU.Build.0 = Release|Any CPU
		{77621904-E0AC-452E-B52C-0A668A4F8F3D}.Release|x64.ActiveCfg = Release|x64
		{77621904-E0AC-452E-B52C-0A668A4F8F3D}.Release|x64.Build.0 = Release|x64
		{77621904-E0AC-452E-B52C-0A668A4F8F3D}.Release|x86.ActiveCfg = Release|Any CPU
		{77621904-E0AC-452E-B52C-0A668A4F8F3D}.Release|x86.Build.0 = Release|Any CPU
		{9BD5EFCC-914A-451E-B1A8-4E681F10E19D}.Debug|Any CPU.ActiveCfg = Debug|Any CPU
		{9BD5EFCC-914A-451E-B1A8-4E681F10E19D}.Debug|Any CPU.Build.0 = Debug|Any CPU
		{9BD5EFCC-914A-451E-B1A8-4E681F10E19D}.Debug|x64.ActiveCfg = Debug|x64
		{9BD5EFCC-914A-451E-B1A8-4E681F10E19D}.Debug|x64.Build.0 = Debug|x64
		{9BD5EFCC-914A-451E-B1A8-4E681F10E19D}.Debug|x86.ActiveCfg = Debug|Any CPU
		{9BD5EFCC-914A-451E-B1A8-4E681F10E19D}.Debug|x86.Build.0 = Debug|Any CPU
		{9BD5EFCC-914A-451E-B1A8-4E681F10E19D}.Release|Any CPU.ActiveCfg = Release|Any CPU
		{9BD5EFCC-914A-451E-B1A8-4E681F10E19D}.Release|Any CPU.Build.0 = Release|Any CPU
		{9BD5EFCC-914A-451E-B1A8-4E681F10E19D}.Release|x64.ActiveCfg = Release|x64
		{9BD5EFCC-914A-451E-B1A8-4E681F10E19D}.Release|x64.Build.0 = Release|x64
		{9BD5EFCC-914A-451E-B1A8-4E681F10E19D}.Release|x86.ActiveCfg = Release|Any CPU
		{9BD5EFCC-914A-451E-B1A8-4E681F10E19D}.Release|x86.Build.0 = Release|Any CPU
		{70DD301A-CD45-4B05-917D-435D88EC8112}.Debug|Any CPU.ActiveCfg = Debug|Any CPU
		{70DD301A-CD45-4B05-917D-435D88EC8112}.Debug|Any CPU.Build.0 = Debug|Any CPU
		{70DD301A-CD45-4B05-917D-435D88EC8112}.Debug|x64.ActiveCfg = Debug|Any CPU
		{70DD301A-CD45-4B05-917D-435D88EC8112}.Debug|x64.Build.0 = Debug|Any CPU
		{70DD301A-CD45-4B05-917D-435D88EC8112}.Debug|x86.ActiveCfg = Debug|Any CPU
		{70DD301A-CD45-4B05-917D-435D88EC8112}.Debug|x86.Build.0 = Debug|Any CPU
		{70DD301A-CD45-4B05-917D-435D88EC8112}.Release|Any CPU.ActiveCfg = Release|Any CPU
		{70DD301A-CD45-4B05-917D-435D88EC8112}.Release|Any CPU.Build.0 = Release|Any CPU
		{70DD301A-CD45-4B05-917D-435D88EC8112}.Release|x64.ActiveCfg = Release|Any CPU
		{70DD301A-CD45-4B05-917D-435D88EC8112}.Release|x64.Build.0 = Release|Any CPU
		{70DD301A-CD45-4B05-917D-435D88EC8112}.Release|x86.ActiveCfg = Release|Any CPU
		{70DD301A-CD45-4B05-917D-435D88EC8112}.Release|x86.Build.0 = Release|Any CPU
		{0E0BD994-F058-4D68-B0CF-6D8CF2C415A8}.Debug|Any CPU.ActiveCfg = Debug|Any CPU
		{0E0BD994-F058-4D68-B0CF-6D8CF2C415A8}.Debug|Any CPU.Build.0 = Debug|Any CPU
		{0E0BD994-F058-4D68-B0CF-6D8CF2C415A8}.Debug|x64.ActiveCfg = Debug|Any CPU
		{0E0BD994-F058-4D68-B0CF-6D8CF2C415A8}.Debug|x64.Build.0 = Debug|Any CPU
		{0E0BD994-F058-4D68-B0CF-6D8CF2C415A8}.Debug|x86.ActiveCfg = Debug|Any CPU
		{0E0BD994-F058-4D68-B0CF-6D8CF2C415A8}.Debug|x86.Build.0 = Debug|Any CPU
		{0E0BD994-F058-4D68-B0CF-6D8CF2C415A8}.Release|Any CPU.ActiveCfg = Release|Any CPU
		{0E0BD994-F058-4D68-B0CF-6D8CF2C415A8}.Release|Any CPU.Build.0 = Release|Any CPU
		{0E0BD994-F058-4D68-B0CF-6D8CF2C415A8}.Release|x64.ActiveCfg = Release|Any CPU
		{0E0BD994-F058-4D68-B0CF-6D8CF2C415A8}.Release|x64.Build.0 = Release|Any CPU
		{0E0BD994-F058-4D68-B0CF-6D8CF2C415A8}.Release|x86.ActiveCfg = Release|Any CPU
		{0E0BD994-F058-4D68-B0CF-6D8CF2C415A8}.Release|x86.Build.0 = Release|Any CPU
		{913A6DAF-F1C2-48F5-A3C3-C409BB2DB24F}.Debug|Any CPU.ActiveCfg = Debug|Any CPU
		{913A6DAF-F1C2-48F5-A3C3-C409BB2DB24F}.Debug|Any CPU.Build.0 = Debug|Any CPU
		{913A6DAF-F1C2-48F5-A3C3-C409BB2DB24F}.Debug|x64.ActiveCfg = Debug|Any CPU
		{913A6DAF-F1C2-48F5-A3C3-C409BB2DB24F}.Debug|x64.Build.0 = Debug|Any CPU
		{913A6DAF-F1C2-48F5-A3C3-C409BB2DB24F}.Debug|x86.ActiveCfg = Debug|Any CPU
		{913A6DAF-F1C2-48F5-A3C3-C409BB2DB24F}.Debug|x86.Build.0 = Debug|Any CPU
		{913A6DAF-F1C2-48F5-A3C3-C409BB2DB24F}.Release|Any CPU.ActiveCfg = Release|Any CPU
		{913A6DAF-F1C2-48F5-A3C3-C409BB2DB24F}.Release|Any CPU.Build.0 = Release|Any CPU
		{913A6DAF-F1C2-48F5-A3C3-C409BB2DB24F}.Release|x64.ActiveCfg = Release|Any CPU
		{913A6DAF-F1C2-48F5-A3C3-C409BB2DB24F}.Release|x64.Build.0 = Release|Any CPU
		{913A6DAF-F1C2-48F5-A3C3-C409BB2DB24F}.Release|x86.ActiveCfg = Release|Any CPU
		{913A6DAF-F1C2-48F5-A3C3-C409BB2DB24F}.Release|x86.Build.0 = Release|Any CPU
		{C9249878-E24D-4D93-969F-A71FAB5114E1}.Debug|Any CPU.ActiveCfg = Debug|Any CPU
		{C9249878-E24D-4D93-969F-A71FAB5114E1}.Debug|Any CPU.Build.0 = Debug|Any CPU
		{C9249878-E24D-4D93-969F-A71FAB5114E1}.Debug|x64.ActiveCfg = Debug|Any CPU
		{C9249878-E24D-4D93-969F-A71FAB5114E1}.Debug|x64.Build.0 = Debug|Any CPU
		{C9249878-E24D-4D93-969F-A71FAB5114E1}.Debug|x86.ActiveCfg = Debug|Any CPU
		{C9249878-E24D-4D93-969F-A71FAB5114E1}.Debug|x86.Build.0 = Debug|Any CPU
		{C9249878-E24D-4D93-969F-A71FAB5114E1}.Release|Any CPU.ActiveCfg = Release|Any CPU
		{C9249878-E24D-4D93-969F-A71FAB5114E1}.Release|Any CPU.Build.0 = Release|Any CPU
		{C9249878-E24D-4D93-969F-A71FAB5114E1}.Release|x64.ActiveCfg = Release|Any CPU
		{C9249878-E24D-4D93-969F-A71FAB5114E1}.Release|x64.Build.0 = Release|Any CPU
		{C9249878-E24D-4D93-969F-A71FAB5114E1}.Release|x86.ActiveCfg = Release|Any CPU
		{C9249878-E24D-4D93-969F-A71FAB5114E1}.Release|x86.Build.0 = Release|Any CPU
		{D8284D15-FF70-4854-836B-DAF6AD57A79D}.Debug|Any CPU.ActiveCfg = Debug|Any CPU
		{D8284D15-FF70-4854-836B-DAF6AD57A79D}.Debug|Any CPU.Build.0 = Debug|Any CPU
		{D8284D15-FF70-4854-836B-DAF6AD57A79D}.Debug|x64.ActiveCfg = Debug|Any CPU
		{D8284D15-FF70-4854-836B-DAF6AD57A79D}.Debug|x64.Build.0 = Debug|Any CPU
		{D8284D15-FF70-4854-836B-DAF6AD57A79D}.Debug|x86.ActiveCfg = Debug|Any CPU
		{D8284D15-FF70-4854-836B-DAF6AD57A79D}.Debug|x86.Build.0 = Debug|Any CPU
		{D8284D15-FF70-4854-836B-DAF6AD57A79D}.Release|Any CPU.ActiveCfg = Release|Any CPU
		{D8284D15-FF70-4854-836B-DAF6AD57A79D}.Release|Any CPU.Build.0 = Release|Any CPU
		{D8284D15-FF70-4854-836B-DAF6AD57A79D}.Release|x64.ActiveCfg = Release|Any CPU
		{D8284D15-FF70-4854-836B-DAF6AD57A79D}.Release|x64.Build.0 = Release|Any CPU
		{D8284D15-FF70-4854-836B-DAF6AD57A79D}.Release|x86.ActiveCfg = Release|Any CPU
		{D8284D15-FF70-4854-836B-DAF6AD57A79D}.Release|x86.Build.0 = Release|Any CPU
		{2F30737D-AC55-45D4-8C19-B229ABD9FA45}.Debug|Any CPU.ActiveCfg = Debug|Any CPU
		{2F30737D-AC55-45D4-8C19-B229ABD9FA45}.Debug|Any CPU.Build.0 = Debug|Any CPU
		{2F30737D-AC55-45D4-8C19-B229ABD9FA45}.Debug|x64.ActiveCfg = Debug|Any CPU
		{2F30737D-AC55-45D4-8C19-B229ABD9FA45}.Debug|x64.Build.0 = Debug|Any CPU
		{2F30737D-AC55-45D4-8C19-B229ABD9FA45}.Debug|x86.ActiveCfg = Debug|Any CPU
		{2F30737D-AC55-45D4-8C19-B229ABD9FA45}.Debug|x86.Build.0 = Debug|Any CPU
		{2F30737D-AC55-45D4-8C19-B229ABD9FA45}.Release|Any CPU.ActiveCfg = Release|Any CPU
		{2F30737D-AC55-45D4-8C19-B229ABD9FA45}.Release|Any CPU.Build.0 = Release|Any CPU
		{2F30737D-AC55-45D4-8C19-B229ABD9FA45}.Release|x64.ActiveCfg = Release|Any CPU
		{2F30737D-AC55-45D4-8C19-B229ABD9FA45}.Release|x64.Build.0 = Release|Any CPU
		{2F30737D-AC55-45D4-8C19-B229ABD9FA45}.Release|x86.ActiveCfg = Release|Any CPU
		{2F30737D-AC55-45D4-8C19-B229ABD9FA45}.Release|x86.Build.0 = Release|Any CPU
		{55D2C35B-7B0C-4308-8564-A0616F05A3B8}.Debug|Any CPU.ActiveCfg = Debug|Any CPU
		{55D2C35B-7B0C-4308-8564-A0616F05A3B8}.Debug|Any CPU.Build.0 = Debug|Any CPU
		{55D2C35B-7B0C-4308-8564-A0616F05A3B8}.Debug|x64.ActiveCfg = Debug|Any CPU
		{55D2C35B-7B0C-4308-8564-A0616F05A3B8}.Debug|x64.Build.0 = Debug|Any CPU
		{55D2C35B-7B0C-4308-8564-A0616F05A3B8}.Debug|x86.ActiveCfg = Debug|Any CPU
		{55D2C35B-7B0C-4308-8564-A0616F05A3B8}.Debug|x86.Build.0 = Debug|Any CPU
		{55D2C35B-7B0C-4308-8564-A0616F05A3B8}.Release|Any CPU.ActiveCfg = Release|Any CPU
		{55D2C35B-7B0C-4308-8564-A0616F05A3B8}.Release|Any CPU.Build.0 = Release|Any CPU
		{55D2C35B-7B0C-4308-8564-A0616F05A3B8}.Release|x64.ActiveCfg = Release|Any CPU
		{55D2C35B-7B0C-4308-8564-A0616F05A3B8}.Release|x64.Build.0 = Release|Any CPU
		{55D2C35B-7B0C-4308-8564-A0616F05A3B8}.Release|x86.ActiveCfg = Release|Any CPU
		{55D2C35B-7B0C-4308-8564-A0616F05A3B8}.Release|x86.Build.0 = Release|Any CPU
		{43CBBD80-7351-46B4-A285-30564440E1B4}.Debug|Any CPU.ActiveCfg = Debug|Any CPU
		{43CBBD80-7351-46B4-A285-30564440E1B4}.Debug|Any CPU.Build.0 = Debug|Any CPU
		{43CBBD80-7351-46B4-A285-30564440E1B4}.Debug|x64.ActiveCfg = Debug|Any CPU
		{43CBBD80-7351-46B4-A285-30564440E1B4}.Debug|x64.Build.0 = Debug|Any CPU
		{43CBBD80-7351-46B4-A285-30564440E1B4}.Debug|x86.ActiveCfg = Debug|Any CPU
		{43CBBD80-7351-46B4-A285-30564440E1B4}.Debug|x86.Build.0 = Debug|Any CPU
		{43CBBD80-7351-46B4-A285-30564440E1B4}.Release|Any CPU.ActiveCfg = Release|Any CPU
		{43CBBD80-7351-46B4-A285-30564440E1B4}.Release|Any CPU.Build.0 = Release|Any CPU
		{43CBBD80-7351-46B4-A285-30564440E1B4}.Release|x64.ActiveCfg = Release|Any CPU
		{43CBBD80-7351-46B4-A285-30564440E1B4}.Release|x64.Build.0 = Release|Any CPU
		{43CBBD80-7351-46B4-A285-30564440E1B4}.Release|x86.ActiveCfg = Release|Any CPU
		{43CBBD80-7351-46B4-A285-30564440E1B4}.Release|x86.Build.0 = Release|Any CPU
		{599C1A44-66C6-4AF4-A0ED-04EAED04EECA}.Debug|Any CPU.ActiveCfg = Debug|Any CPU
		{599C1A44-66C6-4AF4-A0ED-04EAED04EECA}.Debug|Any CPU.Build.0 = Debug|Any CPU
		{599C1A44-66C6-4AF4-A0ED-04EAED04EECA}.Debug|x64.ActiveCfg = Debug|x64
		{599C1A44-66C6-4AF4-A0ED-04EAED04EECA}.Debug|x64.Build.0 = Debug|x64
		{599C1A44-66C6-4AF4-A0ED-04EAED04EECA}.Debug|x86.ActiveCfg = Debug|Any CPU
		{599C1A44-66C6-4AF4-A0ED-04EAED04EECA}.Debug|x86.Build.0 = Debug|Any CPU
		{599C1A44-66C6-4AF4-A0ED-04EAED04EECA}.Release|Any CPU.ActiveCfg = Release|Any CPU
		{599C1A44-66C6-4AF4-A0ED-04EAED04EECA}.Release|Any CPU.Build.0 = Release|Any CPU
		{599C1A44-66C6-4AF4-A0ED-04EAED04EECA}.Release|x64.ActiveCfg = Release|x64
		{599C1A44-66C6-4AF4-A0ED-04EAED04EECA}.Release|x64.Build.0 = Release|x64
		{599C1A44-66C6-4AF4-A0ED-04EAED04EECA}.Release|x86.ActiveCfg = Release|Any CPU
		{599C1A44-66C6-4AF4-A0ED-04EAED04EECA}.Release|x86.Build.0 = Release|Any CPU
		{3C107E12-4D4D-4551-B723-6E5DB93DA4E2}.Debug|Any CPU.ActiveCfg = Debug|Any CPU
		{3C107E12-4D4D-4551-B723-6E5DB93DA4E2}.Debug|Any CPU.Build.0 = Debug|Any CPU
		{3C107E12-4D4D-4551-B723-6E5DB93DA4E2}.Debug|x64.ActiveCfg = Debug|x64
		{3C107E12-4D4D-4551-B723-6E5DB93DA4E2}.Debug|x64.Build.0 = Debug|x64
		{3C107E12-4D4D-4551-B723-6E5DB93DA4E2}.Debug|x86.ActiveCfg = Debug|Any CPU
		{3C107E12-4D4D-4551-B723-6E5DB93DA4E2}.Debug|x86.Build.0 = Debug|Any CPU
		{3C107E12-4D4D-4551-B723-6E5DB93DA4E2}.Release|Any CPU.ActiveCfg = Release|Any CPU
		{3C107E12-4D4D-4551-B723-6E5DB93DA4E2}.Release|Any CPU.Build.0 = Release|Any CPU
		{3C107E12-4D4D-4551-B723-6E5DB93DA4E2}.Release|x64.ActiveCfg = Release|x64
		{3C107E12-4D4D-4551-B723-6E5DB93DA4E2}.Release|x64.Build.0 = Release|x64
		{3C107E12-4D4D-4551-B723-6E5DB93DA4E2}.Release|x86.ActiveCfg = Release|Any CPU
		{3C107E12-4D4D-4551-B723-6E5DB93DA4E2}.Release|x86.Build.0 = Release|Any CPU
		{289B2E56-24FF-4C8B-A250-5EEB30925BCC}.Debug|Any CPU.ActiveCfg = Debug|Any CPU
		{289B2E56-24FF-4C8B-A250-5EEB30925BCC}.Debug|Any CPU.Build.0 = Debug|Any CPU
		{289B2E56-24FF-4C8B-A250-5EEB30925BCC}.Debug|x64.ActiveCfg = Debug|Any CPU
		{289B2E56-24FF-4C8B-A250-5EEB30925BCC}.Debug|x64.Build.0 = Debug|Any CPU
		{289B2E56-24FF-4C8B-A250-5EEB30925BCC}.Debug|x86.ActiveCfg = Debug|Any CPU
		{289B2E56-24FF-4C8B-A250-5EEB30925BCC}.Debug|x86.Build.0 = Debug|Any CPU
		{289B2E56-24FF-4C8B-A250-5EEB30925BCC}.Release|Any CPU.ActiveCfg = Release|Any CPU
		{289B2E56-24FF-4C8B-A250-5EEB30925BCC}.Release|Any CPU.Build.0 = Release|Any CPU
		{289B2E56-24FF-4C8B-A250-5EEB30925BCC}.Release|x64.ActiveCfg = Release|Any CPU
		{289B2E56-24FF-4C8B-A250-5EEB30925BCC}.Release|x64.Build.0 = Release|Any CPU
		{289B2E56-24FF-4C8B-A250-5EEB30925BCC}.Release|x86.ActiveCfg = Release|Any CPU
		{289B2E56-24FF-4C8B-A250-5EEB30925BCC}.Release|x86.Build.0 = Release|Any CPU
		{7255AC9A-EE5D-40BB-9539-13DE7420F87D}.Debug|Any CPU.ActiveCfg = Debug|Any CPU
		{7255AC9A-EE5D-40BB-9539-13DE7420F87D}.Debug|Any CPU.Build.0 = Debug|Any CPU
		{7255AC9A-EE5D-40BB-9539-13DE7420F87D}.Debug|x64.ActiveCfg = Debug|x64
		{7255AC9A-EE5D-40BB-9539-13DE7420F87D}.Debug|x64.Build.0 = Debug|x64
		{7255AC9A-EE5D-40BB-9539-13DE7420F87D}.Debug|x86.ActiveCfg = Debug|Any CPU
		{7255AC9A-EE5D-40BB-9539-13DE7420F87D}.Debug|x86.Build.0 = Debug|Any CPU
		{7255AC9A-EE5D-40BB-9539-13DE7420F87D}.Release|Any CPU.ActiveCfg = Release|Any CPU
		{7255AC9A-EE5D-40BB-9539-13DE7420F87D}.Release|Any CPU.Build.0 = Release|Any CPU
		{7255AC9A-EE5D-40BB-9539-13DE7420F87D}.Release|x64.ActiveCfg = Release|x64
		{7255AC9A-EE5D-40BB-9539-13DE7420F87D}.Release|x64.Build.0 = Release|x64
		{7255AC9A-EE5D-40BB-9539-13DE7420F87D}.Release|x86.ActiveCfg = Release|Any CPU
		{7255AC9A-EE5D-40BB-9539-13DE7420F87D}.Release|x86.Build.0 = Release|Any CPU
		{5DC7FDD7-AD21-4286-8F52-BF155FE96A99}.Debug|Any CPU.ActiveCfg = Debug|Any CPU
		{5DC7FDD7-AD21-4286-8F52-BF155FE96A99}.Debug|Any CPU.Build.0 = Debug|Any CPU
		{5DC7FDD7-AD21-4286-8F52-BF155FE96A99}.Debug|x64.ActiveCfg = Debug|Any CPU
		{5DC7FDD7-AD21-4286-8F52-BF155FE96A99}.Debug|x64.Build.0 = Debug|Any CPU
		{5DC7FDD7-AD21-4286-8F52-BF155FE96A99}.Debug|x86.ActiveCfg = Debug|Any CPU
		{5DC7FDD7-AD21-4286-8F52-BF155FE96A99}.Debug|x86.Build.0 = Debug|Any CPU
		{5DC7FDD7-AD21-4286-8F52-BF155FE96A99}.Release|Any CPU.ActiveCfg = Release|Any CPU
		{5DC7FDD7-AD21-4286-8F52-BF155FE96A99}.Release|Any CPU.Build.0 = Release|Any CPU
		{5DC7FDD7-AD21-4286-8F52-BF155FE96A99}.Release|x64.ActiveCfg = Release|Any CPU
		{5DC7FDD7-AD21-4286-8F52-BF155FE96A99}.Release|x64.Build.0 = Release|Any CPU
		{5DC7FDD7-AD21-4286-8F52-BF155FE96A99}.Release|x86.ActiveCfg = Release|Any CPU
		{5DC7FDD7-AD21-4286-8F52-BF155FE96A99}.Release|x86.Build.0 = Release|Any CPU
		{5C9D3DA4-17CE-472A-B563-ADD3EB9C3817}.Debug|Any CPU.ActiveCfg = Debug|Any CPU
		{5C9D3DA4-17CE-472A-B563-ADD3EB9C3817}.Debug|Any CPU.Build.0 = Debug|Any CPU
		{5C9D3DA4-17CE-472A-B563-ADD3EB9C3817}.Debug|x64.ActiveCfg = Debug|x64
		{5C9D3DA4-17CE-472A-B563-ADD3EB9C3817}.Debug|x64.Build.0 = Debug|x64
		{5C9D3DA4-17CE-472A-B563-ADD3EB9C3817}.Debug|x86.ActiveCfg = Debug|Any CPU
		{5C9D3DA4-17CE-472A-B563-ADD3EB9C3817}.Debug|x86.Build.0 = Debug|Any CPU
		{5C9D3DA4-17CE-472A-B563-ADD3EB9C3817}.Release|Any CPU.ActiveCfg = Release|Any CPU
		{5C9D3DA4-17CE-472A-B563-ADD3EB9C3817}.Release|Any CPU.Build.0 = Release|Any CPU
		{5C9D3DA4-17CE-472A-B563-ADD3EB9C3817}.Release|x64.ActiveCfg = Release|x64
		{5C9D3DA4-17CE-472A-B563-ADD3EB9C3817}.Release|x64.Build.0 = Release|x64
		{5C9D3DA4-17CE-472A-B563-ADD3EB9C3817}.Release|x86.ActiveCfg = Release|Any CPU
		{5C9D3DA4-17CE-472A-B563-ADD3EB9C3817}.Release|x86.Build.0 = Release|Any CPU
		{72FD07A7-777F-4CB3-8B6C-9EA12894455F}.Debug|Any CPU.ActiveCfg = Debug|Any CPU
		{72FD07A7-777F-4CB3-8B6C-9EA12894455F}.Debug|Any CPU.Build.0 = Debug|Any CPU
		{72FD07A7-777F-4CB3-8B6C-9EA12894455F}.Debug|x64.ActiveCfg = Debug|x64
		{72FD07A7-777F-4CB3-8B6C-9EA12894455F}.Debug|x64.Build.0 = Debug|x64
		{72FD07A7-777F-4CB3-8B6C-9EA12894455F}.Debug|x86.ActiveCfg = Debug|Any CPU
		{72FD07A7-777F-4CB3-8B6C-9EA12894455F}.Debug|x86.Build.0 = Debug|Any CPU
		{72FD07A7-777F-4CB3-8B6C-9EA12894455F}.Release|Any CPU.ActiveCfg = Release|Any CPU
		{72FD07A7-777F-4CB3-8B6C-9EA12894455F}.Release|Any CPU.Build.0 = Release|Any CPU
		{72FD07A7-777F-4CB3-8B6C-9EA12894455F}.Release|x64.ActiveCfg = Release|x64
		{72FD07A7-777F-4CB3-8B6C-9EA12894455F}.Release|x64.Build.0 = Release|x64
		{72FD07A7-777F-4CB3-8B6C-9EA12894455F}.Release|x86.ActiveCfg = Release|Any CPU
		{72FD07A7-777F-4CB3-8B6C-9EA12894455F}.Release|x86.Build.0 = Release|Any CPU
		{98FEEB04-FEAD-4006-AFC5-C925324ECABF}.Debug|Any CPU.ActiveCfg = Debug|Any CPU
		{98FEEB04-FEAD-4006-AFC5-C925324ECABF}.Debug|Any CPU.Build.0 = Debug|Any CPU
		{98FEEB04-FEAD-4006-AFC5-C925324ECABF}.Debug|x64.ActiveCfg = Debug|x64
		{98FEEB04-FEAD-4006-AFC5-C925324ECABF}.Debug|x64.Build.0 = Debug|x64
		{98FEEB04-FEAD-4006-AFC5-C925324ECABF}.Debug|x86.ActiveCfg = Debug|Any CPU
		{98FEEB04-FEAD-4006-AFC5-C925324ECABF}.Debug|x86.Build.0 = Debug|Any CPU
		{98FEEB04-FEAD-4006-AFC5-C925324ECABF}.Release|Any CPU.ActiveCfg = Release|Any CPU
		{98FEEB04-FEAD-4006-AFC5-C925324ECABF}.Release|Any CPU.Build.0 = Release|Any CPU
		{98FEEB04-FEAD-4006-AFC5-C925324ECABF}.Release|x64.ActiveCfg = Release|x64
		{98FEEB04-FEAD-4006-AFC5-C925324ECABF}.Release|x64.Build.0 = Release|x64
		{98FEEB04-FEAD-4006-AFC5-C925324ECABF}.Release|x86.ActiveCfg = Release|Any CPU
		{98FEEB04-FEAD-4006-AFC5-C925324ECABF}.Release|x86.Build.0 = Release|Any CPU
		{556350A7-71FB-4A71-A6EB-8629F1815505}.Debug|Any CPU.ActiveCfg = Debug|Any CPU
		{556350A7-71FB-4A71-A6EB-8629F1815505}.Debug|Any CPU.Build.0 = Debug|Any CPU
		{556350A7-71FB-4A71-A6EB-8629F1815505}.Debug|x64.ActiveCfg = Debug|x64
		{556350A7-71FB-4A71-A6EB-8629F1815505}.Debug|x64.Build.0 = Debug|x64
		{556350A7-71FB-4A71-A6EB-8629F1815505}.Debug|x86.ActiveCfg = Debug|Any CPU
		{556350A7-71FB-4A71-A6EB-8629F1815505}.Debug|x86.Build.0 = Debug|Any CPU
		{556350A7-71FB-4A71-A6EB-8629F1815505}.Release|Any CPU.ActiveCfg = Release|Any CPU
		{556350A7-71FB-4A71-A6EB-8629F1815505}.Release|Any CPU.Build.0 = Release|Any CPU
		{556350A7-71FB-4A71-A6EB-8629F1815505}.Release|x64.ActiveCfg = Release|x64
		{556350A7-71FB-4A71-A6EB-8629F1815505}.Release|x64.Build.0 = Release|x64
		{556350A7-71FB-4A71-A6EB-8629F1815505}.Release|x86.ActiveCfg = Release|Any CPU
		{556350A7-71FB-4A71-A6EB-8629F1815505}.Release|x86.Build.0 = Release|Any CPU
		{95DF5AC8-41CC-45E6-B1BE-09F573BFC644}.Debug|Any CPU.ActiveCfg = Debug|Any CPU
		{95DF5AC8-41CC-45E6-B1BE-09F573BFC644}.Debug|Any CPU.Build.0 = Debug|Any CPU
		{95DF5AC8-41CC-45E6-B1BE-09F573BFC644}.Debug|x64.ActiveCfg = Debug|Any CPU
		{95DF5AC8-41CC-45E6-B1BE-09F573BFC644}.Debug|x64.Build.0 = Debug|Any CPU
		{95DF5AC8-41CC-45E6-B1BE-09F573BFC644}.Debug|x86.ActiveCfg = Debug|Any CPU
		{95DF5AC8-41CC-45E6-B1BE-09F573BFC644}.Debug|x86.Build.0 = Debug|Any CPU
		{95DF5AC8-41CC-45E6-B1BE-09F573BFC644}.Release|Any CPU.ActiveCfg = Release|Any CPU
		{95DF5AC8-41CC-45E6-B1BE-09F573BFC644}.Release|Any CPU.Build.0 = Release|Any CPU
		{95DF5AC8-41CC-45E6-B1BE-09F573BFC644}.Release|x64.ActiveCfg = Release|Any CPU
		{95DF5AC8-41CC-45E6-B1BE-09F573BFC644}.Release|x64.Build.0 = Release|Any CPU
		{95DF5AC8-41CC-45E6-B1BE-09F573BFC644}.Release|x86.ActiveCfg = Release|Any CPU
		{95DF5AC8-41CC-45E6-B1BE-09F573BFC644}.Release|x86.Build.0 = Release|Any CPU
		{16DD866D-0814-4173-BB3B-E6EC41178C25}.Debug|Any CPU.ActiveCfg = Debug|Any CPU
		{16DD866D-0814-4173-BB3B-E6EC41178C25}.Debug|Any CPU.Build.0 = Debug|Any CPU
		{16DD866D-0814-4173-BB3B-E6EC41178C25}.Debug|x64.ActiveCfg = Debug|x64
		{16DD866D-0814-4173-BB3B-E6EC41178C25}.Debug|x64.Build.0 = Debug|x64
		{16DD866D-0814-4173-BB3B-E6EC41178C25}.Debug|x86.ActiveCfg = Debug|Any CPU
		{16DD866D-0814-4173-BB3B-E6EC41178C25}.Debug|x86.Build.0 = Debug|Any CPU
		{16DD866D-0814-4173-BB3B-E6EC41178C25}.Release|Any CPU.ActiveCfg = Release|Any CPU
		{16DD866D-0814-4173-BB3B-E6EC41178C25}.Release|Any CPU.Build.0 = Release|Any CPU
		{16DD866D-0814-4173-BB3B-E6EC41178C25}.Release|x64.ActiveCfg = Release|x64
		{16DD866D-0814-4173-BB3B-E6EC41178C25}.Release|x64.Build.0 = Release|x64
		{16DD866D-0814-4173-BB3B-E6EC41178C25}.Release|x86.ActiveCfg = Release|Any CPU
		{16DD866D-0814-4173-BB3B-E6EC41178C25}.Release|x86.Build.0 = Release|Any CPU
		{D5414C24-75C0-44EB-9EB1-8F8BDAC02F89}.Debug|Any CPU.ActiveCfg = Debug|Any CPU
		{D5414C24-75C0-44EB-9EB1-8F8BDAC02F89}.Debug|Any CPU.Build.0 = Debug|Any CPU
		{D5414C24-75C0-44EB-9EB1-8F8BDAC02F89}.Debug|x64.ActiveCfg = Debug|x64
		{D5414C24-75C0-44EB-9EB1-8F8BDAC02F89}.Debug|x64.Build.0 = Debug|x64
		{D5414C24-75C0-44EB-9EB1-8F8BDAC02F89}.Debug|x86.ActiveCfg = Debug|Any CPU
		{D5414C24-75C0-44EB-9EB1-8F8BDAC02F89}.Debug|x86.Build.0 = Debug|Any CPU
		{D5414C24-75C0-44EB-9EB1-8F8BDAC02F89}.Release|Any CPU.ActiveCfg = Release|Any CPU
		{D5414C24-75C0-44EB-9EB1-8F8BDAC02F89}.Release|Any CPU.Build.0 = Release|Any CPU
		{D5414C24-75C0-44EB-9EB1-8F8BDAC02F89}.Release|x64.ActiveCfg = Release|x64
		{D5414C24-75C0-44EB-9EB1-8F8BDAC02F89}.Release|x64.Build.0 = Release|x64
		{D5414C24-75C0-44EB-9EB1-8F8BDAC02F89}.Release|x86.ActiveCfg = Release|Any CPU
		{D5414C24-75C0-44EB-9EB1-8F8BDAC02F89}.Release|x86.Build.0 = Release|Any CPU
		{7CBA2B1A-F982-4748-8242-837D1BF3150B}.Debug|Any CPU.ActiveCfg = Debug|Any CPU
		{7CBA2B1A-F982-4748-8242-837D1BF3150B}.Debug|Any CPU.Build.0 = Debug|Any CPU
		{7CBA2B1A-F982-4748-8242-837D1BF3150B}.Debug|x64.ActiveCfg = Debug|x64
		{7CBA2B1A-F982-4748-8242-837D1BF3150B}.Debug|x64.Build.0 = Debug|x64
		{7CBA2B1A-F982-4748-8242-837D1BF3150B}.Debug|x86.ActiveCfg = Debug|Any CPU
		{7CBA2B1A-F982-4748-8242-837D1BF3150B}.Debug|x86.Build.0 = Debug|Any CPU
		{7CBA2B1A-F982-4748-8242-837D1BF3150B}.Release|Any CPU.ActiveCfg = Release|Any CPU
		{7CBA2B1A-F982-4748-8242-837D1BF3150B}.Release|Any CPU.Build.0 = Release|Any CPU
		{7CBA2B1A-F982-4748-8242-837D1BF3150B}.Release|x64.ActiveCfg = Release|x64
		{7CBA2B1A-F982-4748-8242-837D1BF3150B}.Release|x64.Build.0 = Release|x64
		{7CBA2B1A-F982-4748-8242-837D1BF3150B}.Release|x86.ActiveCfg = Release|Any CPU
		{7CBA2B1A-F982-4748-8242-837D1BF3150B}.Release|x86.Build.0 = Release|Any CPU
		{66634FAB-6818-4D0F-B500-E24649269F83}.Debug|Any CPU.ActiveCfg = Debug|Any CPU
		{66634FAB-6818-4D0F-B500-E24649269F83}.Debug|Any CPU.Build.0 = Debug|Any CPU
		{66634FAB-6818-4D0F-B500-E24649269F83}.Debug|x64.ActiveCfg = Debug|x64
		{66634FAB-6818-4D0F-B500-E24649269F83}.Debug|x64.Build.0 = Debug|x64
		{66634FAB-6818-4D0F-B500-E24649269F83}.Debug|x86.ActiveCfg = Debug|Any CPU
		{66634FAB-6818-4D0F-B500-E24649269F83}.Debug|x86.Build.0 = Debug|Any CPU
		{66634FAB-6818-4D0F-B500-E24649269F83}.Release|Any CPU.ActiveCfg = Release|Any CPU
		{66634FAB-6818-4D0F-B500-E24649269F83}.Release|Any CPU.Build.0 = Release|Any CPU
		{66634FAB-6818-4D0F-B500-E24649269F83}.Release|x64.ActiveCfg = Release|x64
		{66634FAB-6818-4D0F-B500-E24649269F83}.Release|x64.Build.0 = Release|x64
		{66634FAB-6818-4D0F-B500-E24649269F83}.Release|x86.ActiveCfg = Release|Any CPU
		{66634FAB-6818-4D0F-B500-E24649269F83}.Release|x86.Build.0 = Release|Any CPU
		{FDAC62AE-A63A-455D-A4A4-71FCCE2306CC}.Debug|Any CPU.ActiveCfg = Debug|Any CPU
		{FDAC62AE-A63A-455D-A4A4-71FCCE2306CC}.Debug|Any CPU.Build.0 = Debug|Any CPU
		{FDAC62AE-A63A-455D-A4A4-71FCCE2306CC}.Debug|x64.ActiveCfg = Debug|x64
		{FDAC62AE-A63A-455D-A4A4-71FCCE2306CC}.Debug|x64.Build.0 = Debug|x64
		{FDAC62AE-A63A-455D-A4A4-71FCCE2306CC}.Debug|x86.ActiveCfg = Debug|Any CPU
		{FDAC62AE-A63A-455D-A4A4-71FCCE2306CC}.Debug|x86.Build.0 = Debug|Any CPU
		{FDAC62AE-A63A-455D-A4A4-71FCCE2306CC}.Release|Any CPU.ActiveCfg = Release|Any CPU
		{FDAC62AE-A63A-455D-A4A4-71FCCE2306CC}.Release|Any CPU.Build.0 = Release|Any CPU
		{FDAC62AE-A63A-455D-A4A4-71FCCE2306CC}.Release|x64.ActiveCfg = Release|x64
		{FDAC62AE-A63A-455D-A4A4-71FCCE2306CC}.Release|x64.Build.0 = Release|x64
		{FDAC62AE-A63A-455D-A4A4-71FCCE2306CC}.Release|x86.ActiveCfg = Release|Any CPU
		{FDAC62AE-A63A-455D-A4A4-71FCCE2306CC}.Release|x86.Build.0 = Release|Any CPU
		{93A9DE96-27B8-4988-B567-32CACDC91482}.Debug|Any CPU.ActiveCfg = Debug|Any CPU
		{93A9DE96-27B8-4988-B567-32CACDC91482}.Debug|Any CPU.Build.0 = Debug|Any CPU
		{93A9DE96-27B8-4988-B567-32CACDC91482}.Debug|x64.ActiveCfg = Debug|x64
		{93A9DE96-27B8-4988-B567-32CACDC91482}.Debug|x64.Build.0 = Debug|x64
		{93A9DE96-27B8-4988-B567-32CACDC91482}.Debug|x86.ActiveCfg = Debug|Any CPU
		{93A9DE96-27B8-4988-B567-32CACDC91482}.Debug|x86.Build.0 = Debug|Any CPU
		{93A9DE96-27B8-4988-B567-32CACDC91482}.Release|Any CPU.ActiveCfg = Release|Any CPU
		{93A9DE96-27B8-4988-B567-32CACDC91482}.Release|Any CPU.Build.0 = Release|Any CPU
		{93A9DE96-27B8-4988-B567-32CACDC91482}.Release|x64.ActiveCfg = Release|x64
		{93A9DE96-27B8-4988-B567-32CACDC91482}.Release|x64.Build.0 = Release|x64
		{93A9DE96-27B8-4988-B567-32CACDC91482}.Release|x86.ActiveCfg = Release|Any CPU
		{93A9DE96-27B8-4988-B567-32CACDC91482}.Release|x86.Build.0 = Release|Any CPU
		{143A3884-2DE9-4B0D-998B-25D95CC91723}.Debug|Any CPU.ActiveCfg = Debug|Any CPU
		{143A3884-2DE9-4B0D-998B-25D95CC91723}.Debug|Any CPU.Build.0 = Debug|Any CPU
		{143A3884-2DE9-4B0D-998B-25D95CC91723}.Debug|x64.ActiveCfg = Debug|x64
		{143A3884-2DE9-4B0D-998B-25D95CC91723}.Debug|x64.Build.0 = Debug|x64
		{143A3884-2DE9-4B0D-998B-25D95CC91723}.Debug|x86.ActiveCfg = Debug|Any CPU
		{143A3884-2DE9-4B0D-998B-25D95CC91723}.Debug|x86.Build.0 = Debug|Any CPU
		{143A3884-2DE9-4B0D-998B-25D95CC91723}.Release|Any CPU.ActiveCfg = Release|Any CPU
		{143A3884-2DE9-4B0D-998B-25D95CC91723}.Release|Any CPU.Build.0 = Release|Any CPU
		{143A3884-2DE9-4B0D-998B-25D95CC91723}.Release|x64.ActiveCfg = Release|x64
		{143A3884-2DE9-4B0D-998B-25D95CC91723}.Release|x64.Build.0 = Release|x64
		{143A3884-2DE9-4B0D-998B-25D95CC91723}.Release|x86.ActiveCfg = Release|Any CPU
		{143A3884-2DE9-4B0D-998B-25D95CC91723}.Release|x86.Build.0 = Release|Any CPU
		{AEFC233F-69CD-4E11-814B-648D171BECF9}.Debug|Any CPU.ActiveCfg = Debug|Any CPU
		{AEFC233F-69CD-4E11-814B-648D171BECF9}.Debug|Any CPU.Build.0 = Debug|Any CPU
		{AEFC233F-69CD-4E11-814B-648D171BECF9}.Debug|x64.ActiveCfg = Debug|x64
		{AEFC233F-69CD-4E11-814B-648D171BECF9}.Debug|x64.Build.0 = Debug|x64
		{AEFC233F-69CD-4E11-814B-648D171BECF9}.Debug|x86.ActiveCfg = Debug|Any CPU
		{AEFC233F-69CD-4E11-814B-648D171BECF9}.Debug|x86.Build.0 = Debug|Any CPU
		{AEFC233F-69CD-4E11-814B-648D171BECF9}.Release|Any CPU.ActiveCfg = Release|Any CPU
		{AEFC233F-69CD-4E11-814B-648D171BECF9}.Release|Any CPU.Build.0 = Release|Any CPU
		{AEFC233F-69CD-4E11-814B-648D171BECF9}.Release|x64.ActiveCfg = Release|x64
		{AEFC233F-69CD-4E11-814B-648D171BECF9}.Release|x64.Build.0 = Release|x64
		{AEFC233F-69CD-4E11-814B-648D171BECF9}.Release|x86.ActiveCfg = Release|Any CPU
		{AEFC233F-69CD-4E11-814B-648D171BECF9}.Release|x86.Build.0 = Release|Any CPU
		{974BBBD5-66A9-49FE-8DE7-13D9A858F2BD}.Debug|Any CPU.ActiveCfg = Debug|Any CPU
		{974BBBD5-66A9-49FE-8DE7-13D9A858F2BD}.Debug|Any CPU.Build.0 = Debug|Any CPU
		{974BBBD5-66A9-49FE-8DE7-13D9A858F2BD}.Debug|x64.ActiveCfg = Debug|x64
		{974BBBD5-66A9-49FE-8DE7-13D9A858F2BD}.Debug|x64.Build.0 = Debug|x64
		{974BBBD5-66A9-49FE-8DE7-13D9A858F2BD}.Debug|x86.ActiveCfg = Debug|Any CPU
		{974BBBD5-66A9-49FE-8DE7-13D9A858F2BD}.Debug|x86.Build.0 = Debug|Any CPU
		{974BBBD5-66A9-49FE-8DE7-13D9A858F2BD}.Release|Any CPU.ActiveCfg = Release|Any CPU
		{974BBBD5-66A9-49FE-8DE7-13D9A858F2BD}.Release|Any CPU.Build.0 = Release|Any CPU
		{974BBBD5-66A9-49FE-8DE7-13D9A858F2BD}.Release|x64.ActiveCfg = Release|x64
		{974BBBD5-66A9-49FE-8DE7-13D9A858F2BD}.Release|x64.Build.0 = Release|x64
		{974BBBD5-66A9-49FE-8DE7-13D9A858F2BD}.Release|x86.ActiveCfg = Release|Any CPU
		{974BBBD5-66A9-49FE-8DE7-13D9A858F2BD}.Release|x86.Build.0 = Release|Any CPU
		{1B1D5CBC-9D12-40BF-85B6-F04C07AFE6DF}.Debug|Any CPU.ActiveCfg = Debug|Any CPU
		{1B1D5CBC-9D12-40BF-85B6-F04C07AFE6DF}.Debug|Any CPU.Build.0 = Debug|Any CPU
		{1B1D5CBC-9D12-40BF-85B6-F04C07AFE6DF}.Debug|x64.ActiveCfg = Debug|x64
		{1B1D5CBC-9D12-40BF-85B6-F04C07AFE6DF}.Debug|x64.Build.0 = Debug|x64
		{1B1D5CBC-9D12-40BF-85B6-F04C07AFE6DF}.Debug|x86.ActiveCfg = Debug|Any CPU
		{1B1D5CBC-9D12-40BF-85B6-F04C07AFE6DF}.Debug|x86.Build.0 = Debug|Any CPU
		{1B1D5CBC-9D12-40BF-85B6-F04C07AFE6DF}.Release|Any CPU.ActiveCfg = Release|Any CPU
		{1B1D5CBC-9D12-40BF-85B6-F04C07AFE6DF}.Release|Any CPU.Build.0 = Release|Any CPU
		{1B1D5CBC-9D12-40BF-85B6-F04C07AFE6DF}.Release|x64.ActiveCfg = Release|x64
		{1B1D5CBC-9D12-40BF-85B6-F04C07AFE6DF}.Release|x64.Build.0 = Release|x64
		{1B1D5CBC-9D12-40BF-85B6-F04C07AFE6DF}.Release|x86.ActiveCfg = Release|Any CPU
		{1B1D5CBC-9D12-40BF-85B6-F04C07AFE6DF}.Release|x86.Build.0 = Release|Any CPU
		{54B228F1-6713-43BA-8AB2-3B0EB77D4B2A}.Debug|Any CPU.ActiveCfg = Debug|Any CPU
		{54B228F1-6713-43BA-8AB2-3B0EB77D4B2A}.Debug|Any CPU.Build.0 = Debug|Any CPU
		{54B228F1-6713-43BA-8AB2-3B0EB77D4B2A}.Debug|x64.ActiveCfg = Debug|Any CPU
		{54B228F1-6713-43BA-8AB2-3B0EB77D4B2A}.Debug|x64.Build.0 = Debug|Any CPU
		{54B228F1-6713-43BA-8AB2-3B0EB77D4B2A}.Debug|x86.ActiveCfg = Debug|Any CPU
		{54B228F1-6713-43BA-8AB2-3B0EB77D4B2A}.Debug|x86.Build.0 = Debug|Any CPU
		{54B228F1-6713-43BA-8AB2-3B0EB77D4B2A}.Release|Any CPU.ActiveCfg = Release|Any CPU
		{54B228F1-6713-43BA-8AB2-3B0EB77D4B2A}.Release|Any CPU.Build.0 = Release|Any CPU
		{54B228F1-6713-43BA-8AB2-3B0EB77D4B2A}.Release|x64.ActiveCfg = Release|Any CPU
		{54B228F1-6713-43BA-8AB2-3B0EB77D4B2A}.Release|x64.Build.0 = Release|Any CPU
		{54B228F1-6713-43BA-8AB2-3B0EB77D4B2A}.Release|x86.ActiveCfg = Release|Any CPU
		{54B228F1-6713-43BA-8AB2-3B0EB77D4B2A}.Release|x86.Build.0 = Release|Any CPU
		{E62760CC-0B86-4709-9B4D-4A68DDC7BFF0}.Debug|Any CPU.ActiveCfg = Debug|Any CPU
		{E62760CC-0B86-4709-9B4D-4A68DDC7BFF0}.Debug|Any CPU.Build.0 = Debug|Any CPU
		{E62760CC-0B86-4709-9B4D-4A68DDC7BFF0}.Debug|x64.ActiveCfg = Debug|Any CPU
		{E62760CC-0B86-4709-9B4D-4A68DDC7BFF0}.Debug|x64.Build.0 = Debug|Any CPU
		{E62760CC-0B86-4709-9B4D-4A68DDC7BFF0}.Debug|x86.ActiveCfg = Debug|Any CPU
		{E62760CC-0B86-4709-9B4D-4A68DDC7BFF0}.Debug|x86.Build.0 = Debug|Any CPU
		{E62760CC-0B86-4709-9B4D-4A68DDC7BFF0}.Release|Any CPU.ActiveCfg = Release|Any CPU
		{E62760CC-0B86-4709-9B4D-4A68DDC7BFF0}.Release|Any CPU.Build.0 = Release|Any CPU
		{E62760CC-0B86-4709-9B4D-4A68DDC7BFF0}.Release|x64.ActiveCfg = Release|Any CPU
		{E62760CC-0B86-4709-9B4D-4A68DDC7BFF0}.Release|x64.Build.0 = Release|Any CPU
		{E62760CC-0B86-4709-9B4D-4A68DDC7BFF0}.Release|x86.ActiveCfg = Release|Any CPU
		{E62760CC-0B86-4709-9B4D-4A68DDC7BFF0}.Release|x86.Build.0 = Release|Any CPU
		{87A8DCB6-58E5-4A92-A877-121A3FBC4BD0}.Debug|Any CPU.ActiveCfg = Debug|Any CPU
		{87A8DCB6-58E5-4A92-A877-121A3FBC4BD0}.Debug|Any CPU.Build.0 = Debug|Any CPU
		{87A8DCB6-58E5-4A92-A877-121A3FBC4BD0}.Debug|x64.ActiveCfg = Debug|x64
		{87A8DCB6-58E5-4A92-A877-121A3FBC4BD0}.Debug|x64.Build.0 = Debug|x64
		{87A8DCB6-58E5-4A92-A877-121A3FBC4BD0}.Debug|x86.ActiveCfg = Debug|Any CPU
		{87A8DCB6-58E5-4A92-A877-121A3FBC4BD0}.Debug|x86.Build.0 = Debug|Any CPU
		{87A8DCB6-58E5-4A92-A877-121A3FBC4BD0}.Release|Any CPU.ActiveCfg = Release|Any CPU
		{87A8DCB6-58E5-4A92-A877-121A3FBC4BD0}.Release|Any CPU.Build.0 = Release|Any CPU
		{87A8DCB6-58E5-4A92-A877-121A3FBC4BD0}.Release|x64.ActiveCfg = Release|x64
		{87A8DCB6-58E5-4A92-A877-121A3FBC4BD0}.Release|x64.Build.0 = Release|x64
		{87A8DCB6-58E5-4A92-A877-121A3FBC4BD0}.Release|x86.ActiveCfg = Release|Any CPU
		{87A8DCB6-58E5-4A92-A877-121A3FBC4BD0}.Release|x86.Build.0 = Release|Any CPU
		{51487EF5-4FA6-4F1E-8329-822F67C4F939}.Debug|Any CPU.ActiveCfg = Debug|Any CPU
		{51487EF5-4FA6-4F1E-8329-822F67C4F939}.Debug|Any CPU.Build.0 = Debug|Any CPU
		{51487EF5-4FA6-4F1E-8329-822F67C4F939}.Debug|x64.ActiveCfg = Debug|Any CPU
		{51487EF5-4FA6-4F1E-8329-822F67C4F939}.Debug|x64.Build.0 = Debug|Any CPU
		{51487EF5-4FA6-4F1E-8329-822F67C4F939}.Debug|x86.ActiveCfg = Debug|Any CPU
		{51487EF5-4FA6-4F1E-8329-822F67C4F939}.Debug|x86.Build.0 = Debug|Any CPU
		{51487EF5-4FA6-4F1E-8329-822F67C4F939}.Release|Any CPU.ActiveCfg = Release|Any CPU
		{51487EF5-4FA6-4F1E-8329-822F67C4F939}.Release|Any CPU.Build.0 = Release|Any CPU
		{51487EF5-4FA6-4F1E-8329-822F67C4F939}.Release|x64.ActiveCfg = Release|Any CPU
		{51487EF5-4FA6-4F1E-8329-822F67C4F939}.Release|x64.Build.0 = Release|Any CPU
		{51487EF5-4FA6-4F1E-8329-822F67C4F939}.Release|x86.ActiveCfg = Release|Any CPU
		{51487EF5-4FA6-4F1E-8329-822F67C4F939}.Release|x86.Build.0 = Release|Any CPU
		{7BEF6F06-A6F2-4A5A-AE8E-00765ED89DAB}.Debug|Any CPU.ActiveCfg = Debug|Any CPU
		{7BEF6F06-A6F2-4A5A-AE8E-00765ED89DAB}.Debug|Any CPU.Build.0 = Debug|Any CPU
		{7BEF6F06-A6F2-4A5A-AE8E-00765ED89DAB}.Debug|x64.ActiveCfg = Debug|x64
		{7BEF6F06-A6F2-4A5A-AE8E-00765ED89DAB}.Debug|x64.Build.0 = Debug|x64
		{7BEF6F06-A6F2-4A5A-AE8E-00765ED89DAB}.Debug|x86.ActiveCfg = Debug|Any CPU
		{7BEF6F06-A6F2-4A5A-AE8E-00765ED89DAB}.Debug|x86.Build.0 = Debug|Any CPU
		{7BEF6F06-A6F2-4A5A-AE8E-00765ED89DAB}.Release|Any CPU.ActiveCfg = Release|Any CPU
		{7BEF6F06-A6F2-4A5A-AE8E-00765ED89DAB}.Release|Any CPU.Build.0 = Release|Any CPU
		{7BEF6F06-A6F2-4A5A-AE8E-00765ED89DAB}.Release|x64.ActiveCfg = Release|x64
		{7BEF6F06-A6F2-4A5A-AE8E-00765ED89DAB}.Release|x64.Build.0 = Release|x64
		{7BEF6F06-A6F2-4A5A-AE8E-00765ED89DAB}.Release|x86.ActiveCfg = Release|Any CPU
		{7BEF6F06-A6F2-4A5A-AE8E-00765ED89DAB}.Release|x86.Build.0 = Release|Any CPU
	EndGlobalSection
	GlobalSection(SolutionProperties) = preSolution
		HideSolutionNode = FALSE
	EndGlobalSection
	GlobalSection(NestedProjects) = preSolution
		{54313249-E8DD-4E49-B164-A99C71E402AE} = {7E704F29-C070-4124-BE5C-09261F90DD77}
		{712C4E63-FEBF-4840-AC19-1BC408A89CAD} = {7E704F29-C070-4124-BE5C-09261F90DD77}
		{4A85D7FE-5EEE-438E-9EA7-AF6812A87BBD} = {1D399BB0-09F2-4D7A-BEE7-A38FD210FE50}
		{69CD980F-7323-4436-A771-96AA3ECD5E09} = {1D399BB0-09F2-4D7A-BEE7-A38FD210FE50}
		{F4CD3F3B-4A0E-4C65-9953-43F605946455} = {1D399BB0-09F2-4D7A-BEE7-A38FD210FE50}
		{3C702D07-C978-44BE-86C6-3EB366CBEC22} = {1D399BB0-09F2-4D7A-BEE7-A38FD210FE50}
		{99996492-D9C9-49C8-818A-47B622A942CC} = {1D399BB0-09F2-4D7A-BEE7-A38FD210FE50}
		{7EE258EC-3018-4974-81E1-052A81635742} = {1D399BB0-09F2-4D7A-BEE7-A38FD210FE50}
		{B5FE6163-514A-421E-9349-979A0B73EA0D} = {1D399BB0-09F2-4D7A-BEE7-A38FD210FE50}
		{013CF721-70F4-43A8-8638-95ED8AA6FC41} = {1D399BB0-09F2-4D7A-BEE7-A38FD210FE50}
		{0551A71D-A341-4EBD-86F3-B3865BBF0CCA} = {1D399BB0-09F2-4D7A-BEE7-A38FD210FE50}
		{D5A387DA-9FAD-49C3-90BD-5A4B94E24CBA} = {1D399BB0-09F2-4D7A-BEE7-A38FD210FE50}
		{23FA6DD4-46A6-4656-A3E7-C4584273D5D3} = {1D399BB0-09F2-4D7A-BEE7-A38FD210FE50}
		{77621904-E0AC-452E-B52C-0A668A4F8F3D} = {1D399BB0-09F2-4D7A-BEE7-A38FD210FE50}
		{9BD5EFCC-914A-451E-B1A8-4E681F10E19D} = {1D399BB0-09F2-4D7A-BEE7-A38FD210FE50}
		{70DD301A-CD45-4B05-917D-435D88EC8112} = {1D399BB0-09F2-4D7A-BEE7-A38FD210FE50}
		{0E0BD994-F058-4D68-B0CF-6D8CF2C415A8} = {1D399BB0-09F2-4D7A-BEE7-A38FD210FE50}
		{913A6DAF-F1C2-48F5-A3C3-C409BB2DB24F} = {1D399BB0-09F2-4D7A-BEE7-A38FD210FE50}
		{C9249878-E24D-4D93-969F-A71FAB5114E1} = {1D399BB0-09F2-4D7A-BEE7-A38FD210FE50}
		{D8284D15-FF70-4854-836B-DAF6AD57A79D} = {1D399BB0-09F2-4D7A-BEE7-A38FD210FE50}
		{2F30737D-AC55-45D4-8C19-B229ABD9FA45} = {1D399BB0-09F2-4D7A-BEE7-A38FD210FE50}
		{55D2C35B-7B0C-4308-8564-A0616F05A3B8} = {1D399BB0-09F2-4D7A-BEE7-A38FD210FE50}
		{43CBBD80-7351-46B4-A285-30564440E1B4} = {1D399BB0-09F2-4D7A-BEE7-A38FD210FE50}
		{599C1A44-66C6-4AF4-A0ED-04EAED04EECA} = {1D399BB0-09F2-4D7A-BEE7-A38FD210FE50}
		{3C107E12-4D4D-4551-B723-6E5DB93DA4E2} = {1D399BB0-09F2-4D7A-BEE7-A38FD210FE50}
		{289B2E56-24FF-4C8B-A250-5EEB30925BCC} = {1D399BB0-09F2-4D7A-BEE7-A38FD210FE50}
		{7255AC9A-EE5D-40BB-9539-13DE7420F87D} = {1D399BB0-09F2-4D7A-BEE7-A38FD210FE50}
		{5DC7FDD7-AD21-4286-8F52-BF155FE96A99} = {1D399BB0-09F2-4D7A-BEE7-A38FD210FE50}
		{5C9D3DA4-17CE-472A-B563-ADD3EB9C3817} = {1D399BB0-09F2-4D7A-BEE7-A38FD210FE50}
		{72FD07A7-777F-4CB3-8B6C-9EA12894455F} = {1D399BB0-09F2-4D7A-BEE7-A38FD210FE50}
		{98FEEB04-FEAD-4006-AFC5-C925324ECABF} = {1D399BB0-09F2-4D7A-BEE7-A38FD210FE50}
		{556350A7-71FB-4A71-A6EB-8629F1815505} = {1D399BB0-09F2-4D7A-BEE7-A38FD210FE50}
		{95DF5AC8-41CC-45E6-B1BE-09F573BFC644} = {1D399BB0-09F2-4D7A-BEE7-A38FD210FE50}
		{16DD866D-0814-4173-BB3B-E6EC41178C25} = {1D399BB0-09F2-4D7A-BEE7-A38FD210FE50}
		{D5414C24-75C0-44EB-9EB1-8F8BDAC02F89} = {1D399BB0-09F2-4D7A-BEE7-A38FD210FE50}
		{7CBA2B1A-F982-4748-8242-837D1BF3150B} = {1D399BB0-09F2-4D7A-BEE7-A38FD210FE50}
		{66634FAB-6818-4D0F-B500-E24649269F83} = {1D399BB0-09F2-4D7A-BEE7-A38FD210FE50}
		{FDAC62AE-A63A-455D-A4A4-71FCCE2306CC} = {1D399BB0-09F2-4D7A-BEE7-A38FD210FE50}
		{93A9DE96-27B8-4988-B567-32CACDC91482} = {1D399BB0-09F2-4D7A-BEE7-A38FD210FE50}
		{143A3884-2DE9-4B0D-998B-25D95CC91723} = {1D399BB0-09F2-4D7A-BEE7-A38FD210FE50}
		{AEFC233F-69CD-4E11-814B-648D171BECF9} = {1D399BB0-09F2-4D7A-BEE7-A38FD210FE50}
		{974BBBD5-66A9-49FE-8DE7-13D9A858F2BD} = {1D399BB0-09F2-4D7A-BEE7-A38FD210FE50}
		{1B1D5CBC-9D12-40BF-85B6-F04C07AFE6DF} = {1D399BB0-09F2-4D7A-BEE7-A38FD210FE50}
		{54B228F1-6713-43BA-8AB2-3B0EB77D4B2A} = {1D399BB0-09F2-4D7A-BEE7-A38FD210FE50}
		{E62760CC-0B86-4709-9B4D-4A68DDC7BFF0} = {1D399BB0-09F2-4D7A-BEE7-A38FD210FE50}
		{87A8DCB6-58E5-4A92-A877-121A3FBC4BD0} = {1D399BB0-09F2-4D7A-BEE7-A38FD210FE50}
		{51487EF5-4FA6-4F1E-8329-822F67C4F939} = {1D399BB0-09F2-4D7A-BEE7-A38FD210FE50}
		{7BEF6F06-A6F2-4A5A-AE8E-00765ED89DAB} = {1D399BB0-09F2-4D7A-BEE7-A38FD210FE50}
	EndGlobalSection
	GlobalSection(ExtensibilityGlobals) = postSolution
		SolutionGuid = {6A1E15D7-E8C4-453B-A30E-9B7461D0B514}
	EndGlobalSection
EndGlobal
